
Microsoft Visual Studio Solution File, Format Version 12.00
# Visual Studio Version 16
VisualStudioVersion = 16.0.29318.209
MinimumVisualStudioVersion = 10.0.40219.1
Project("{FAE04EC0-301F-11D3-BF4B-00C04F79EFBC}") = "AsessmentApiCovid", "AsessmentApiCovid\AsessmentApiCovid.csproj", "{0A14BF42-A151-4C43-87CC-1913C61AEA62}"
EndProject
Global
	GlobalSection(SolutionConfigurationPlatforms) = preSolution
		Debug|Any CPU = Debug|Any CPU
		Release|Any CPU = Release|Any CPU
	EndGlobalSection
	GlobalSection(ProjectConfigurationPlatforms) = postSolution
		{0A14BF42-A151-4C43-87CC-1913C61AEA62}.Debug|Any CPU.ActiveCfg = Debug|Any CPU
		{0A14BF42-A151-4C43-87CC-1913C61AEA62}.Debug|Any CPU.Build.0 = Debug|Any CPU
		{0A14BF42-A151-4C43-87CC-1913C61AEA62}.Release|Any CPU.ActiveCfg = Release|Any CPU
		{0A14BF42-A151-4C43-87CC-1913C61AEA62}.Release|Any CPU.Build.0 = Release|Any CPU
	EndGlobalSection
	GlobalSection(SolutionProperties) = preSolution
		HideSolutionNode = FALSE
	EndGlobalSection
	GlobalSection(ExtensibilityGlobals) = postSolution
		SolutionGuid = {ABEAEF48-4569-418E-AA7F-DC04974E45DA}
	EndGlobalSection
EndGlobal
